
Microsoft Visual Studio Solution File, Format Version 12.00
# Visual Studio Version 17
VisualStudioVersion = 17.11.35312.102
MinimumVisualStudioVersion = 10.0.40219.1
Project("{FAE04EC0-301F-11D3-BF4B-00C04F79EFBC}") = "SajaProjectV2", "EmployeePro\SajaProjectV2.csproj", "{E5F1533F-710B-4D91-A65E-04E55A1A68B3}"
EndProject
Global
	GlobalSection(SolutionConfigurationPlatforms) = preSolution
		Debug|Any CPU = Debug|Any CPU
		Release|Any CPU = Release|Any CPU
	EndGlobalSection
	GlobalSection(ProjectConfigurationPlatforms) = postSolution
		{E5F1533F-710B-4D91-A65E-04E55A1A68B3}.Debug|Any CPU.ActiveCfg = Debug|Any CPU
		{E5F1533F-710B-4D91-A65E-04E55A1A68B3}.Debug|Any CPU.Build.0 = Debug|Any CPU
		{E5F1533F-710B-4D91-A65E-04E55A1A68B3}.Release|Any CPU.ActiveCfg = Release|Any CPU
		{E5F1533F-710B-4D91-A65E-04E55A1A68B3}.Release|Any CPU.Build.0 = Release|Any CPU
	EndGlobalSection
	GlobalSection(SolutionProperties) = preSolution
		HideSolutionNode = FALSE
	EndGlobalSection
	GlobalSection(ExtensibilityGlobals) = postSolution
		SolutionGuid = {87E56DA4-4D6D-4488-A766-D3DF89E89FA5}
	EndGlobalSection
EndGlobal
